
Microsoft Visual Studio Solution File, Format Version 12.00
# Visual Studio Version 17
VisualStudioVersion = 17.2.32519.379
MinimumVisualStudioVersion = 10.0.40219.1
Project("{2150E333-8FDC-42A3-9474-1A3956D46DE8}") = "Services", "Services", "{03239245-BECE-40A2-9182-2CBF3009E8CA}"
EndProject
Project("{2150E333-8FDC-42A3-9474-1A3956D46DE8}") = "WebApps", "WebApps", "{2519BE5F-D0F9-40D1-8348-4D5E5A575B8A}"
EndProject
Project("{2150E333-8FDC-42A3-9474-1A3956D46DE8}") = "Cadastros", "Cadastros", "{E33716E5-599F-4BEC-93D0-FE74D92A3FBA}"
EndProject
Project("{2150E333-8FDC-42A3-9474-1A3956D46DE8}") = "Catalago", "Catalago", "{DF9A5256-1664-46FD-9E2D-83844599F811}"
EndProject
Project("{2150E333-8FDC-42A3-9474-1A3956D46DE8}") = "Core", "Core", "{A5273CD0-51BB-4BDE-8F9C-3D92307B21BE}"
EndProject
Project("{2150E333-8FDC-42A3-9474-1A3956D46DE8}") = "Fiscal", "Fiscal", "{7484625D-7A96-472D-9812-963508F446A7}"
EndProject
Project("{2150E333-8FDC-42A3-9474-1A3956D46DE8}") = "Pagamentos", "Pagamentos", "{DCECB921-96B1-4CBF-B0C1-CE7CFA582BA4}"
EndProject
Project("{2150E333-8FDC-42A3-9474-1A3956D46DE8}") = "Vendas", "Vendas", "{D12C2E41-DB8F-4E20-BEA7-7A5C379AED8C}"
EndProject
Project("{9A19103F-16F7-4668-BE54-9A1E7A4F7556}") = "NerdStore.Catalago.Domain", "src\NerdStore.Catalago.Domain\NerdStore.Catalago.Domain.csproj", "{64B36335-201F-4CE3-9F42-C25BFC57D7CB}"
EndProject
Project("{9A19103F-16F7-4668-BE54-9A1E7A4F7556}") = "NerdStore.Core", "src\NerdStore.Core\NerdStore.Core.csproj", "{D128B6E0-BA32-49FC-B1CB-FAC46F12F61D}"
EndProject
Project("{2150E333-8FDC-42A3-9474-1A3956D46DE8}") = "Tests", "Tests", "{9333B7C7-C438-42B3-94E5-06B7DFA08736}"
EndProject
Project("{9A19103F-16F7-4668-BE54-9A1E7A4F7556}") = "NerdStore.Catalago.Domain.Tests", "tests\NerdStore.Catalago.Domain.Tests\NerdStore.Catalago.Domain.Tests.csproj", "{11E3A1E7-EB85-40CD-8DB7-ECC410BA464D}"
EndProject
Project("{9A19103F-16F7-4668-BE54-9A1E7A4F7556}") = "NerdStore.Catalogo.Data", "src\NerdStore.Catalogo.Data\NerdStore.Catalogo.Data.csproj", "{61F9AAD5-FED0-4BB9-A054-64EF77FC1C81}"
EndProject
Project("{9A19103F-16F7-4668-BE54-9A1E7A4F7556}") = "NerdStore.Catalago.Application", "src\NerdStore.Catalago.Application\NerdStore.Catalago.Application.csproj", "{351ADCC0-F270-44B1-96D1-943952C6BAA4}"
EndProject
Project("{9A19103F-16F7-4668-BE54-9A1E7A4F7556}") = "NerdStore.WebApp.MVC", "src\NerdStore.WebApp.MVC\NerdStore.WebApp.MVC.csproj", "{BE1D69B9-775F-4314-8341-F25A88E65770}"
EndProject
Project("{9A19103F-16F7-4668-BE54-9A1E7A4F7556}") = "NerdStore.Vendas.Domain", "src\NerdStore.Vendas.Domain\NerdStore.Vendas.Domain.csproj", "{892B5EAC-6187-47BC-870B-D74E2840A4EC}"
EndProject
Project("{9A19103F-16F7-4668-BE54-9A1E7A4F7556}") = "NerdStore.Vendas.Application", "src\NerdStore.Vendas.Application\NerdStore.Vendas.Application.csproj", "{9E3D4C12-7265-4737-83E2-343D96CBF826}"
EndProject
Project("{9A19103F-16F7-4668-BE54-9A1E7A4F7556}") = "NerdStore.Vendas.Data", "src\NerdStore.Vendas.Data\NerdStore.Vendas.Data.csproj", "{E70C71AA-F33D-45D7-943E-27CAACF08930}"
EndProject
Project("{9A19103F-16F7-4668-BE54-9A1E7A4F7556}") = "NerdStore.Pagamentos.AntiCorruption", "src\NerdStore.Pagamentos.AntiCorruption\NerdStore.Pagamentos.AntiCorruption.csproj", "{444EC9FA-ADA9-47DD-A1C5-4CCE12DD35CD}"
EndProject
Project("{9A19103F-16F7-4668-BE54-9A1E7A4F7556}") = "NerdStore.Pagamentos.Business", "src\NerdStore.Pagamentos.Business\NerdStore.Pagamentos.Business.csproj", "{A16A8B3E-87C4-4B75-B1FC-39047D52F693}"
EndProject
Project("{9A19103F-16F7-4668-BE54-9A1E7A4F7556}") = "NerdStore.Pagamentos.Data", "src\NerdStore.Pagamentos.Data\NerdStore.Pagamentos.Data.csproj", "{365881BE-A7B6-47FE-80FB-D696C5C4A556}"
EndProject
Project("{2150E333-8FDC-42A3-9474-1A3956D46DE8}") = "BuildingBlocks", "BuildingBlocks", "{5B3DC757-D85F-46E1-B583-59C1A67A03B5}"
EndProject
Project("{FAE04EC0-301F-11D3-BF4B-00C04F79EFBC}") = "EventSourcing", "src\EventSourcing\EventSourcing.csproj", "{DB60CB2C-1A89-4CCA-90B9-1CDDF851C5F6}"
EndProject
Global
	GlobalSection(SolutionConfigurationPlatforms) = preSolution
		Debug|Any CPU = Debug|Any CPU
		Release|Any CPU = Release|Any CPU
	EndGlobalSection
	GlobalSection(ProjectConfigurationPlatforms) = postSolution
		{64B36335-201F-4CE3-9F42-C25BFC57D7CB}.Debug|Any CPU.ActiveCfg = Debug|Any CPU
		{64B36335-201F-4CE3-9F42-C25BFC57D7CB}.Debug|Any CPU.Build.0 = Debug|Any CPU
		{64B36335-201F-4CE3-9F42-C25BFC57D7CB}.Release|Any CPU.ActiveCfg = Release|Any CPU
		{64B36335-201F-4CE3-9F42-C25BFC57D7CB}.Release|Any CPU.Build.0 = Release|Any CPU
		{D128B6E0-BA32-49FC-B1CB-FAC46F12F61D}.Debug|Any CPU.ActiveCfg = Debug|Any CPU
		{D128B6E0-BA32-49FC-B1CB-FAC46F12F61D}.Debug|Any CPU.Build.0 = Debug|Any CPU
		{D128B6E0-BA32-49FC-B1CB-FAC46F12F61D}.Release|Any CPU.ActiveCfg = Release|Any CPU
		{D128B6E0-BA32-49FC-B1CB-FAC46F12F61D}.Release|Any CPU.Build.0 = Release|Any CPU
		{11E3A1E7-EB85-40CD-8DB7-ECC410BA464D}.Debug|Any CPU.ActiveCfg = Debug|Any CPU
		{11E3A1E7-EB85-40CD-8DB7-ECC410BA464D}.Debug|Any CPU.Build.0 = Debug|Any CPU
		{11E3A1E7-EB85-40CD-8DB7-ECC410BA464D}.Release|Any CPU.ActiveCfg = Release|Any CPU
		{11E3A1E7-EB85-40CD-8DB7-ECC410BA464D}.Release|Any CPU.Build.0 = Release|Any CPU
		{61F9AAD5-FED0-4BB9-A054-64EF77FC1C81}.Debug|Any CPU.ActiveCfg = Debug|Any CPU
		{61F9AAD5-FED0-4BB9-A054-64EF77FC1C81}.Debug|Any CPU.Build.0 = Debug|Any CPU
		{61F9AAD5-FED0-4BB9-A054-64EF77FC1C81}.Release|Any CPU.ActiveCfg = Release|Any CPU
		{61F9AAD5-FED0-4BB9-A054-64EF77FC1C81}.Release|Any CPU.Build.0 = Release|Any CPU
		{351ADCC0-F270-44B1-96D1-943952C6BAA4}.Debug|Any CPU.ActiveCfg = Debug|Any CPU
		{351ADCC0-F270-44B1-96D1-943952C6BAA4}.Debug|Any CPU.Build.0 = Debug|Any CPU
		{351ADCC0-F270-44B1-96D1-943952C6BAA4}.Release|Any CPU.ActiveCfg = Release|Any CPU
		{351ADCC0-F270-44B1-96D1-943952C6BAA4}.Release|Any CPU.Build.0 = Release|Any CPU
		{BE1D69B9-775F-4314-8341-F25A88E65770}.Debug|Any CPU.ActiveCfg = Debug|Any CPU
		{BE1D69B9-775F-4314-8341-F25A88E65770}.Debug|Any CPU.Build.0 = Debug|Any CPU
		{BE1D69B9-775F-4314-8341-F25A88E65770}.Release|Any CPU.ActiveCfg = Release|Any CPU
		{BE1D69B9-775F-4314-8341-F25A88E65770}.Release|Any CPU.Build.0 = Release|Any CPU
		{892B5EAC-6187-47BC-870B-D74E2840A4EC}.Debug|Any CPU.ActiveCfg = Debug|Any CPU
		{892B5EAC-6187-47BC-870B-D74E2840A4EC}.Debug|Any CPU.Build.0 = Debug|Any CPU
		{892B5EAC-6187-47BC-870B-D74E2840A4EC}.Release|Any CPU.ActiveCfg = Release|Any CPU
		{892B5EAC-6187-47BC-870B-D74E2840A4EC}.Release|Any CPU.Build.0 = Release|Any CPU
		{9E3D4C12-7265-4737-83E2-343D96CBF826}.Debug|Any CPU.ActiveCfg = Debug|Any CPU
		{9E3D4C12-7265-4737-83E2-343D96CBF826}.Debug|Any CPU.Build.0 = Debug|Any CPU
		{9E3D4C12-7265-4737-83E2-343D96CBF826}.Release|Any CPU.ActiveCfg = Release|Any CPU
		{9E3D4C12-7265-4737-83E2-343D96CBF826}.Release|Any CPU.Build.0 = Release|Any CPU
		{E70C71AA-F33D-45D7-943E-27CAACF08930}.Debug|Any CPU.ActiveCfg = Debug|Any CPU
		{E70C71AA-F33D-45D7-943E-27CAACF08930}.Debug|Any CPU.Build.0 = Debug|Any CPU
		{E70C71AA-F33D-45D7-943E-27CAACF08930}.Release|Any CPU.ActiveCfg = Release|Any CPU
		{E70C71AA-F33D-45D7-943E-27CAACF08930}.Release|Any CPU.Build.0 = Release|Any CPU
		{444EC9FA-ADA9-47DD-A1C5-4CCE12DD35CD}.Debug|Any CPU.ActiveCfg = Debug|Any CPU
		{444EC9FA-ADA9-47DD-A1C5-4CCE12DD35CD}.Debug|Any CPU.Build.0 = Debug|Any CPU
		{444EC9FA-ADA9-47DD-A1C5-4CCE12DD35CD}.Release|Any CPU.ActiveCfg = Release|Any CPU
		{444EC9FA-ADA9-47DD-A1C5-4CCE12DD35CD}.Release|Any CPU.Build.0 = Release|Any CPU
		{A16A8B3E-87C4-4B75-B1FC-39047D52F693}.Debug|Any CPU.ActiveCfg = Debug|Any CPU
		{A16A8B3E-87C4-4B75-B1FC-39047D52F693}.Debug|Any CPU.Build.0 = Debug|Any CPU
		{A16A8B3E-87C4-4B75-B1FC-39047D52F693}.Release|Any CPU.ActiveCfg = Release|Any CPU
		{A16A8B3E-87C4-4B75-B1FC-39047D52F693}.Release|Any CPU.Build.0 = Release|Any CPU
		{365881BE-A7B6-47FE-80FB-D696C5C4A556}.Debug|Any CPU.ActiveCfg = Debug|Any CPU
		{365881BE-A7B6-47FE-80FB-D696C5C4A556}.Debug|Any CPU.Build.0 = Debug|Any CPU
		{365881BE-A7B6-47FE-80FB-D696C5C4A556}.Release|Any CPU.ActiveCfg = Release|Any CPU
		{365881BE-A7B6-47FE-80FB-D696C5C4A556}.Release|Any CPU.Build.0 = Release|Any CPU
		{DB60CB2C-1A89-4CCA-90B9-1CDDF851C5F6}.Debug|Any CPU.ActiveCfg = Debug|Any CPU
		{DB60CB2C-1A89-4CCA-90B9-1CDDF851C5F6}.Debug|Any CPU.Build.0 = Debug|Any CPU
		{DB60CB2C-1A89-4CCA-90B9-1CDDF851C5F6}.Release|Any CPU.ActiveCfg = Release|Any CPU
		{DB60CB2C-1A89-4CCA-90B9-1CDDF851C5F6}.Release|Any CPU.Build.0 = Release|Any CPU
	EndGlobalSection
	GlobalSection(SolutionProperties) = preSolution
		HideSolutionNode = FALSE
	EndGlobalSection
	GlobalSection(NestedProjects) = preSolution
		{E33716E5-599F-4BEC-93D0-FE74D92A3FBA} = {03239245-BECE-40A2-9182-2CBF3009E8CA}
		{DF9A5256-1664-46FD-9E2D-83844599F811} = {03239245-BECE-40A2-9182-2CBF3009E8CA}
		{A5273CD0-51BB-4BDE-8F9C-3D92307B21BE} = {03239245-BECE-40A2-9182-2CBF3009E8CA}
		{7484625D-7A96-472D-9812-963508F446A7} = {03239245-BECE-40A2-9182-2CBF3009E8CA}
		{DCECB921-96B1-4CBF-B0C1-CE7CFA582BA4} = {03239245-BECE-40A2-9182-2CBF3009E8CA}
		{D12C2E41-DB8F-4E20-BEA7-7A5C379AED8C} = {03239245-BECE-40A2-9182-2CBF3009E8CA}
		{64B36335-201F-4CE3-9F42-C25BFC57D7CB} = {DF9A5256-1664-46FD-9E2D-83844599F811}
		{D128B6E0-BA32-49FC-B1CB-FAC46F12F61D} = {A5273CD0-51BB-4BDE-8F9C-3D92307B21BE}
		{9333B7C7-C438-42B3-94E5-06B7DFA08736} = {DF9A5256-1664-46FD-9E2D-83844599F811}
		{11E3A1E7-EB85-40CD-8DB7-ECC410BA464D} = {9333B7C7-C438-42B3-94E5-06B7DFA08736}
		{61F9AAD5-FED0-4BB9-A054-64EF77FC1C81} = {DF9A5256-1664-46FD-9E2D-83844599F811}
		{351ADCC0-F270-44B1-96D1-943952C6BAA4} = {DF9A5256-1664-46FD-9E2D-83844599F811}
		{BE1D69B9-775F-4314-8341-F25A88E65770} = {2519BE5F-D0F9-40D1-8348-4D5E5A575B8A}
		{892B5EAC-6187-47BC-870B-D74E2840A4EC} = {D12C2E41-DB8F-4E20-BEA7-7A5C379AED8C}
		{9E3D4C12-7265-4737-83E2-343D96CBF826} = {D12C2E41-DB8F-4E20-BEA7-7A5C379AED8C}
		{E70C71AA-F33D-45D7-943E-27CAACF08930} = {D12C2E41-DB8F-4E20-BEA7-7A5C379AED8C}
		{444EC9FA-ADA9-47DD-A1C5-4CCE12DD35CD} = {DCECB921-96B1-4CBF-B0C1-CE7CFA582BA4}
		{A16A8B3E-87C4-4B75-B1FC-39047D52F693} = {DCECB921-96B1-4CBF-B0C1-CE7CFA582BA4}
		{365881BE-A7B6-47FE-80FB-D696C5C4A556} = {DCECB921-96B1-4CBF-B0C1-CE7CFA582BA4}
		{DB60CB2C-1A89-4CCA-90B9-1CDDF851C5F6} = {5B3DC757-D85F-46E1-B583-59C1A67A03B5}
	EndGlobalSection
	GlobalSection(ExtensibilityGlobals) = postSolution
		SolutionGuid = {283F8DC9-B327-4596-AEDA-0383B8E4B931}
	EndGlobalSection
EndGlobal
