
Microsoft Visual Studio Solution File, Format Version 12.00
# Visual Studio Version 17
VisualStudioVersion = 17.1.32328.378
MinimumVisualStudioVersion = 10.0.40219.1
Project("{2150E333-8FDC-42A3-9474-1A3956D46DE8}") = "src", "src", "{294864F6-2561-4D4B-A534-00E713699423}"
EndProject
Project("{2150E333-8FDC-42A3-9474-1A3956D46DE8}") = "Building Blocks", "Building Blocks", "{A7600D4A-9A9E-4FC9-AD2B-EB1EC861EB02}"
EndProject
Project("{2150E333-8FDC-42A3-9474-1A3956D46DE8}") = "Services", "Services", "{56D9A4DF-A476-42F7-88DA-2E57E1ED2AEA}"
EndProject
Project("{2150E333-8FDC-42A3-9474-1A3956D46DE8}") = "Web", "Web", "{3B46FAD0-4378-4F37-B620-2BBD32A1E14F}"
EndProject
Project("{9A19103F-16F7-4668-BE54-9A1E7A4F7556}") = "NSE.Identidade.API", "src\services\NSE.Identidade.API\NSE.Identidade.API.csproj", "{D6CA7548-1350-49B7-9281-DAD97A99E19D}"
EndProject
Project("{2150E333-8FDC-42A3-9474-1A3956D46DE8}") = "MVC", "MVC", "{AC433F45-464A-43EF-92AB-F392F1C733B2}"
EndProject
Project("{2150E333-8FDC-42A3-9474-1A3956D46DE8}") = "Core", "Core", "{6FDE7D8C-A6AB-4D30-9077-C5437FDA0CC8}"
EndProject
Project("{9A19103F-16F7-4668-BE54-9A1E7A4F7556}") = "NSE.Core", "src\building blocks\NSE.Core\NSE.Core.csproj", "{EA1928FA-856F-481F-B3A1-DFAD820256A0}"
EndProject
Project("{9A19103F-16F7-4668-BE54-9A1E7A4F7556}") = "NSE.WebApp.MVC", "src\web\NSE.WebApp.MVC\NSE.WebApp.MVC.csproj", "{87273DA0-0D07-47A1-AA93-037511BCF3D4}"
EndProject
Project("{2150E333-8FDC-42A3-9474-1A3956D46DE8}") = "Carrinho", "Carrinho", "{81DC92B9-387A-4E53-ABCE-97202946A730}"
EndProject
Project("{2150E333-8FDC-42A3-9474-1A3956D46DE8}") = "Catalago", "Catalago", "{13B849AB-C861-4B4D-8FFE-A206AC6E239B}"
EndProject
Project("{2150E333-8FDC-42A3-9474-1A3956D46DE8}") = "Cliente", "Cliente", "{F06261F0-96BA-4D18-B850-5036048A8EB8}"
EndProject
Project("{2150E333-8FDC-42A3-9474-1A3956D46DE8}") = "Identidade", "Identidade", "{3C29994E-748A-4672-AE70-376C262A9DA4}"
EndProject
Project("{2150E333-8FDC-42A3-9474-1A3956D46DE8}") = "Pagamento", "Pagamento", "{D935142A-ED7F-4D5B-8C93-3D40823BB2F3}"
EndProject
Project("{2150E333-8FDC-42A3-9474-1A3956D46DE8}") = "Pedido", "Pedido", "{E015BC72-D41C-433C-AF66-C599E2B93A34}"
EndProject
Project("{9A19103F-16F7-4668-BE54-9A1E7A4F7556}") = "NSE.Carrinho.API", "src\services\NSE.Carrinho.API\NSE.Carrinho.API.csproj", "{424866BB-5417-4500-A809-1229C083A1F3}"
EndProject
Project("{9A19103F-16F7-4668-BE54-9A1E7A4F7556}") = "NSE.Pagamento.API", "src\services\NSE.Pagamento.API\NSE.Pagamento.API.csproj", "{C10EF502-BB6F-43D0-BF43-58E5CF179A9F}"
EndProject
Project("{9A19103F-16F7-4668-BE54-9A1E7A4F7556}") = "NSE.Catalago.API", "src\services\NSE.Catalago.API\NSE.Catalago.API.csproj", "{45FEE671-6FEC-45A3-B952-990313632B05}"
EndProject
Project("{9A19103F-16F7-4668-BE54-9A1E7A4F7556}") = "NSE.Cliente.API", "src\services\NSE.Cliente.API\NSE.Cliente.API.csproj", "{58347DD6-7CF2-436D-8753-C1B089459544}"
EndProject
Project("{9A19103F-16F7-4668-BE54-9A1E7A4F7556}") = "NSE.Pedido.API", "src\services\NSE.Pedido.API\NSE.Pedido.API.csproj", "{A352301E-5C10-45A8-A4DF-0CC493645498}"
EndProject
Global
	GlobalSection(SolutionConfigurationPlatforms) = preSolution
		Debug|Any CPU = Debug|Any CPU
		Release|Any CPU = Release|Any CPU
	EndGlobalSection
	GlobalSection(ProjectConfigurationPlatforms) = postSolution
		{D6CA7548-1350-49B7-9281-DAD97A99E19D}.Debug|Any CPU.ActiveCfg = Debug|Any CPU
		{D6CA7548-1350-49B7-9281-DAD97A99E19D}.Debug|Any CPU.Build.0 = Debug|Any CPU
		{D6CA7548-1350-49B7-9281-DAD97A99E19D}.Release|Any CPU.ActiveCfg = Release|Any CPU
		{D6CA7548-1350-49B7-9281-DAD97A99E19D}.Release|Any CPU.Build.0 = Release|Any CPU
		{EA1928FA-856F-481F-B3A1-DFAD820256A0}.Debug|Any CPU.ActiveCfg = Debug|Any CPU
		{EA1928FA-856F-481F-B3A1-DFAD820256A0}.Debug|Any CPU.Build.0 = Debug|Any CPU
		{EA1928FA-856F-481F-B3A1-DFAD820256A0}.Release|Any CPU.ActiveCfg = Release|Any CPU
		{EA1928FA-856F-481F-B3A1-DFAD820256A0}.Release|Any CPU.Build.0 = Release|Any CPU
		{87273DA0-0D07-47A1-AA93-037511BCF3D4}.Debug|Any CPU.ActiveCfg = Debug|Any CPU
		{87273DA0-0D07-47A1-AA93-037511BCF3D4}.Debug|Any CPU.Build.0 = Debug|Any CPU
		{87273DA0-0D07-47A1-AA93-037511BCF3D4}.Release|Any CPU.ActiveCfg = Release|Any CPU
		{87273DA0-0D07-47A1-AA93-037511BCF3D4}.Release|Any CPU.Build.0 = Release|Any CPU
		{424866BB-5417-4500-A809-1229C083A1F3}.Debug|Any CPU.ActiveCfg = Debug|Any CPU
		{424866BB-5417-4500-A809-1229C083A1F3}.Debug|Any CPU.Build.0 = Debug|Any CPU
		{424866BB-5417-4500-A809-1229C083A1F3}.Release|Any CPU.ActiveCfg = Release|Any CPU
		{424866BB-5417-4500-A809-1229C083A1F3}.Release|Any CPU.Build.0 = Release|Any CPU
		{C10EF502-BB6F-43D0-BF43-58E5CF179A9F}.Debug|Any CPU.ActiveCfg = Debug|Any CPU
		{C10EF502-BB6F-43D0-BF43-58E5CF179A9F}.Debug|Any CPU.Build.0 = Debug|Any CPU
		{C10EF502-BB6F-43D0-BF43-58E5CF179A9F}.Release|Any CPU.ActiveCfg = Release|Any CPU
		{C10EF502-BB6F-43D0-BF43-58E5CF179A9F}.Release|Any CPU.Build.0 = Release|Any CPU
		{45FEE671-6FEC-45A3-B952-990313632B05}.Debug|Any CPU.ActiveCfg = Debug|Any CPU
		{45FEE671-6FEC-45A3-B952-990313632B05}.Debug|Any CPU.Build.0 = Debug|Any CPU
		{45FEE671-6FEC-45A3-B952-990313632B05}.Release|Any CPU.ActiveCfg = Release|Any CPU
		{45FEE671-6FEC-45A3-B952-990313632B05}.Release|Any CPU.Build.0 = Release|Any CPU
		{58347DD6-7CF2-436D-8753-C1B089459544}.Debug|Any CPU.ActiveCfg = Debug|Any CPU
		{58347DD6-7CF2-436D-8753-C1B089459544}.Debug|Any CPU.Build.0 = Debug|Any CPU
		{58347DD6-7CF2-436D-8753-C1B089459544}.Release|Any CPU.ActiveCfg = Release|Any CPU
		{58347DD6-7CF2-436D-8753-C1B089459544}.Release|Any CPU.Build.0 = Release|Any CPU
		{A352301E-5C10-45A8-A4DF-0CC493645498}.Debug|Any CPU.ActiveCfg = Debug|Any CPU
		{A352301E-5C10-45A8-A4DF-0CC493645498}.Debug|Any CPU.Build.0 = Debug|Any CPU
		{A352301E-5C10-45A8-A4DF-0CC493645498}.Release|Any CPU.ActiveCfg = Release|Any CPU
		{A352301E-5C10-45A8-A4DF-0CC493645498}.Release|Any CPU.Build.0 = Release|Any CPU
	EndGlobalSection
	GlobalSection(SolutionProperties) = preSolution
		HideSolutionNode = FALSE
	EndGlobalSection
	GlobalSection(NestedProjects) = preSolution
		{A7600D4A-9A9E-4FC9-AD2B-EB1EC861EB02} = {294864F6-2561-4D4B-A534-00E713699423}
		{56D9A4DF-A476-42F7-88DA-2E57E1ED2AEA} = {294864F6-2561-4D4B-A534-00E713699423}
		{3B46FAD0-4378-4F37-B620-2BBD32A1E14F} = {294864F6-2561-4D4B-A534-00E713699423}
		{D6CA7548-1350-49B7-9281-DAD97A99E19D} = {3C29994E-748A-4672-AE70-376C262A9DA4}
		{AC433F45-464A-43EF-92AB-F392F1C733B2} = {3B46FAD0-4378-4F37-B620-2BBD32A1E14F}
		{6FDE7D8C-A6AB-4D30-9077-C5437FDA0CC8} = {A7600D4A-9A9E-4FC9-AD2B-EB1EC861EB02}
		{EA1928FA-856F-481F-B3A1-DFAD820256A0} = {6FDE7D8C-A6AB-4D30-9077-C5437FDA0CC8}
		{87273DA0-0D07-47A1-AA93-037511BCF3D4} = {AC433F45-464A-43EF-92AB-F392F1C733B2}
		{81DC92B9-387A-4E53-ABCE-97202946A730} = {56D9A4DF-A476-42F7-88DA-2E57E1ED2AEA}
		{13B849AB-C861-4B4D-8FFE-A206AC6E239B} = {56D9A4DF-A476-42F7-88DA-2E57E1ED2AEA}
		{F06261F0-96BA-4D18-B850-5036048A8EB8} = {56D9A4DF-A476-42F7-88DA-2E57E1ED2AEA}
		{3C29994E-748A-4672-AE70-376C262A9DA4} = {56D9A4DF-A476-42F7-88DA-2E57E1ED2AEA}
		{D935142A-ED7F-4D5B-8C93-3D40823BB2F3} = {56D9A4DF-A476-42F7-88DA-2E57E1ED2AEA}
		{E015BC72-D41C-433C-AF66-C599E2B93A34} = {56D9A4DF-A476-42F7-88DA-2E57E1ED2AEA}
		{424866BB-5417-4500-A809-1229C083A1F3} = {81DC92B9-387A-4E53-ABCE-97202946A730}
		{C10EF502-BB6F-43D0-BF43-58E5CF179A9F} = {D935142A-ED7F-4D5B-8C93-3D40823BB2F3}
		{45FEE671-6FEC-45A3-B952-990313632B05} = {13B849AB-C861-4B4D-8FFE-A206AC6E239B}
		{58347DD6-7CF2-436D-8753-C1B089459544} = {F06261F0-96BA-4D18-B850-5036048A8EB8}
		{A352301E-5C10-45A8-A4DF-0CC493645498} = {E015BC72-D41C-433C-AF66-C599E2B93A34}
	EndGlobalSection
	GlobalSection(ExtensibilityGlobals) = postSolution
		SolutionGuid = {007EFFA5-F316-469B-A9A8-7CAF6B505C0C}
	EndGlobalSection
EndGlobal
